
Microsoft Visual Studio Solution File, Format Version 12.00
# Visual Studio 15
VisualStudioVersion = 15.0.27130.2020
MinimumVisualStudioVersion = 10.0.40219.1
Project("{F184B08F-C81C-45F6-A57F-5ABD9991F28F}") = "example", "example\example.vbproj", "{03F65997-9226-4781-A478-EE76977DCD5E}"
EndProject
Global
	GlobalSection(SolutionConfigurationPlatforms) = preSolution
		Debug|Any CPU = Debug|Any CPU
		Release|Any CPU = Release|Any CPU
	EndGlobalSection
	GlobalSection(ProjectConfigurationPlatforms) = postSolution
		{03F65997-9226-4781-A478-EE76977DCD5E}.Debug|Any CPU.ActiveCfg = Debug|Any CPU
		{03F65997-9226-4781-A478-EE76977DCD5E}.Debug|Any CPU.Build.0 = Debug|Any CPU
		{03F65997-9226-4781-A478-EE76977DCD5E}.Release|Any CPU.ActiveCfg = Release|Any CPU
		{03F65997-9226-4781-A478-EE76977DCD5E}.Release|Any CPU.Build.0 = Release|Any CPU
	EndGlobalSection
	GlobalSection(SolutionProperties) = preSolution
		HideSolutionNode = FALSE
	EndGlobalSection
	GlobalSection(ExtensibilityGlobals) = postSolution
		SolutionGuid = {87A0AA32-91BC-41DB-9070-0D40C8C7CB9E}
	EndGlobalSection
EndGlobal
